
Microsoft Visual Studio Solution File, Format Version 12.00
# Visual Studio Version 16
VisualStudioVersion = 16.0.30523.141
MinimumVisualStudioVersion = 10.0.40219.1
Project("{FAE04EC0-301F-11D3-BF4B-00C04F79EFBC}") = "gotas_de_lluvia", "gotas_de_lluvia\gotas_de_lluvia.csproj", "{36FB3498-5047-410E-9B5A-361D4B40C369}"
EndProject
Global
	GlobalSection(SolutionConfigurationPlatforms) = preSolution
		Debug|Any CPU = Debug|Any CPU
		Release|Any CPU = Release|Any CPU
	EndGlobalSection
	GlobalSection(ProjectConfigurationPlatforms) = postSolution
		{36FB3498-5047-410E-9B5A-361D4B40C369}.Debug|Any CPU.ActiveCfg = Debug|Any CPU
		{36FB3498-5047-410E-9B5A-361D4B40C369}.Debug|Any CPU.Build.0 = Debug|Any CPU
		{36FB3498-5047-410E-9B5A-361D4B40C369}.Release|Any CPU.ActiveCfg = Release|Any CPU
		{36FB3498-5047-410E-9B5A-361D4B40C369}.Release|Any CPU.Build.0 = Release|Any CPU
	EndGlobalSection
	GlobalSection(SolutionProperties) = preSolution
		HideSolutionNode = FALSE
	EndGlobalSection
	GlobalSection(ExtensibilityGlobals) = postSolution
		SolutionGuid = {3A32558E-82E3-446D-91ED-0ABFF5916EBB}
	EndGlobalSection
EndGlobal
